// !$*UTF8*$!
{
	archiveVersion = 1;
	classes = {
	};
	objectVersion = 46;
	objects = {

/* Begin PBXBuildFile section */
		55F268361D8738FD0003DFA8 /* AppDelegate.swift in Sources */ = {isa = PBXBuildFile; fileRef = 55F268351D8738FD0003DFA8 /* AppDelegate.swift */; };
		55F268381D8738FD0003DFA8 /* ViewController.swift in Sources */ = {isa = PBXBuildFile; fileRef = 55F268371D8738FD0003DFA8 /* ViewController.swift */; };
		55F2683B1D8738FD0003DFA8 /* Main.storyboard in Resources */ = {isa = PBXBuildFile; fileRef = 55F268391D8738FD0003DFA8 /* Main.storyboard */; };
		55F2683D1D8738FD0003DFA8 /* Assets.xcassets in Resources */ = {isa = PBXBuildFile; fileRef = 55F2683C1D8738FD0003DFA8 /* Assets.xcassets */; };
		55F268401D8738FD0003DFA8 /* LaunchScreen.storyboard in Resources */ = {isa = PBXBuildFile; fileRef = 55F2683E1D8738FD0003DFA8 /* LaunchScreen.storyboard */; };
		55F268481D873BBB0003DFA8 /* LocationSearchTable.swift in Sources */ = {isa = PBXBuildFile; fileRef = 55F268471D873BBB0003DFA8 /* LocationSearchTable.swift */; };
/* End PBXBuildFile section */

/* Begin PBXFileReference section */
		55F268321D8738FC0003DFA8 /* MapKit_searchbar.app */ = {isa = PBXFileReference; explicitFileType = wrapper.application; includeInIndex = 0; path = MapKit_searchbar.app; sourceTree = BUILT_PRODUCTS_DIR; };
		55F268351D8738FD0003DFA8 /* AppDelegate.swift */ = {isa = PBXFileReference; lastKnownFileType = sourcecode.swift; path = AppDelegate.swift; sourceTree = "<group>"; };
		55F268371D8738FD0003DFA8 /* ViewController.swift */ = {isa = PBXFileReference; lastKnownFileType = sourcecode.swift; path = ViewController.swift; sourceTree = "<group>"; };
		55F2683A1D8738FD0003DFA8 /* Base */ = {isa = PBXFileReference; lastKnownFileType = file.storyboard; name = Base; path = Base.lproj/Main.storyboard; sourceTree = "<group>"; };
		55F2683C1D8738FD0003DFA8 /* Assets.xcassets */ = {isa = PBXFileReference; lastKnownFileType = folder.assetcatalog; path = Assets.xcassets; sourceTree = "<group>"; };
		55F2683F1D8738FD0003DFA8 /* Base */ = {isa = PBXFileReference; lastKnownFileType = file.storyboard; name = Base; path = Base.lproj/LaunchScreen.storyboard; sourceTree = "<group>"; };
		55F268411D8738FD0003DFA8 /* Info.plist */ = {isa = PBXFileReference; lastKnownFileType = text.plist.xml; path = Info.plist; sourceTree = "<group>"; };
		55F268471D873BBB0003DFA8 /* LocationSearchTable.swift */ = {isa = PBXFileReference; fileEncoding = 4; lastKnownFileType = sourcecode.swift; path = LocationSearchTable.swift; sourceTree = "<group>"; };
/* End PBXFileReference section */

/* Begin PBXFrameworksBuildPhase section */
		55F2682F1D8738FC0003DFA8 /* Frameworks */ = {
			isa = PBXFrameworksBuildPhase;
			buildActionMask = 2147483647;
			files = (
			);
			runOnlyForDeploymentPostprocessing = 0;
		};
/* End PBXFrameworksBuildPhase section */

/* Begin PBXGroup section */
		55F268291D8738FC0003DFA8 = {
			isa = PBXGroup;
			children = (
				55F268341D8738FD0003DFA8 /* MapKit_searchbar */,
				55F268331D8738FC0003DFA8 /* Products */,
			);
			sourceTree = "<group>";
		};
		55F268331D8738FC0003DFA8 /* Products */ = {
			isa = PBXGroup;
			children = (
				55F268321D8738FC0003DFA8 /* MapKit_searchbar.app */,
			);
			name = Products;
			sourceTree = "<group>";
		};
		55F268341D8738FD0003DFA8 /* MapKit_searchbar */ = {
			isa = PBXGroup;
			children = (
				55F268351D8738FD0003DFA8 /* AppDelegate.swift */,
				55F268371D8738FD0003DFA8 /* ViewController.swift */,
				55F268471D873BBB0003DFA8 /* LocationSearchTable.swift */,
				55F268391D8738FD0003DFA8 /* Main.storyboard */,
				55F2683C1D8738FD0003DFA8 /* Assets.xcassets */,
				55F2683E1D8738FD0003DFA8 /* LaunchScreen.storyboard */,
				55F268411D8738FD0003DFA8 /* Info.plist */,
			);
			path = MapKit_searchbar;
			sourceTree = "<group>";
		};
/* End PBXGroup section */

/* Begin PBXNativeTarget section */
		55F268311D8738FC0003DFA8 /* MapKit_searchbar */ = {
			isa = PBXNativeTarget;
			buildConfigurationList = 55F268441D8738FD0003DFA8 /* Build configuration list for PBXNativeTarget "MapKit_searchbar" */;
			buildPhases = (
				55F2682E1D8738FC0003DFA8 /* Sources */,
				55F2682F1D8738FC0003DFA8 /* Frameworks */,
				55F268301D8738FC0003DFA8 /* Resources */,
			);
			buildRules = (
			);
			dependencies = (
			);
			name = MapKit_searchbar;
			productName = MapKit_searchbar;
			productReference = 55F268321D8738FC0003DFA8 /* MapKit_searchbar.app */;
			productType = "com.apple.product-type.application";
		};
/* End PBXNativeTarget section */

/* Begin PBXProject section */
		55F2682A1D8738FC0003DFA8 /* Project object */ = {
			isa = PBXProject;
			attributes = {
				LastSwiftUpdateCheck = 0730;
				LastUpgradeCheck = 0730;
				ORGANIZATIONNAME = "Safina Lifa";
				TargetAttributes = {
					55F268311D8738FC0003DFA8 = {
						CreatedOnToolsVersion = 7.3.1;
					};
				};
			};
			buildConfigurationList = 55F2682D1D8738FC0003DFA8 /* Build configuration list for PBXProject "MapKit_searchbar" */;
			compatibilityVersion = "Xcode 3.2";
			developmentRegion = English;
			hasScannedForEncodings = 0;
			knownRegions = (
				en,
				Base,
			);
			mainGroup = 55F268291D8738FC0003DFA8;
			productRefGroup = 55F268331D8738FC0003DFA8 /* Products */;
			projectDirPath = "";
			projectRoot = "";
			targets = (
				55F268311D8738FC0003DFA8 /* MapKit_searchbar */,
			);
		};
/* End PBXProject section */

/* Begin PBXResourcesBuildPhase section */
		55F268301D8738FC0003DFA8 /* Resources */ = {
			isa = PBXResourcesBuildPhase;
			buildActionMask = 2147483647;
			files = (
				55F268401D8738FD0003DFA8 /* LaunchScreen.storyboard in Resources */,
				55F2683D1D8738FD0003DFA8 /* Assets.xcassets in Resources */,
				55F2683B1D8738FD0003DFA8 /* Main.storyboard in Resources */,
			);
			runOnlyForDeploymentPostprocessing = 0;
		};
/* End PBXResourcesBuildPhase section */

/* Begin PBXSourcesBuildPhase section */
		55F2682E1D8738FC0003DFA8 /* Sources */ = {
			isa = PBXSourcesBuildPhase;
			buildActionMask = 2147483647;
			files = (
				55F268481D873BBB0003DFA8 /* LocationSearchTable.swift in Sources */,
				55F268381D8738FD0003DFA8 /* ViewController.swift in Sources */,
				55F268361D8738FD0003DFA8 /* AppDelegate.swift in Sources */,
			);
			runOnlyForDeploymentPostprocessing = 0;
		};
/* End PBXSourcesBuildPhase section */

/* Begin PBXVariantGroup section */
		55F268391D8738FD0003DFA8 /* Main.storyboard */ = {
			isa = PBXVariantGroup;
			children = (
				55F2683A1D8738FD0003DFA8 /* Base */,
			);
			name = Main.storyboard;
			sourceTree = "<group>";
		};
		55F2683E1D8738FD0003DFA8 /* LaunchScreen.storyboard */ = {
			isa = PBXVariantGroup;
			children = (
				55F2683F1D8738FD0003DFA8 /* Base */,
			);
			name = LaunchScreen.storyboard;
			sourceTree = "<group>";
		};
/* End PBXVariantGroup section */

/* Begin XCBuildConfiguration section */
		55F268421D8738FD0003DFA8 /* Debug */ = {
			isa = XCBuildConfiguration;
			buildSettings = {
				ALWAYS_SEARCH_USER_PATHS = NO;
				CLANG_ANALYZER_NONNULL = YES;
				CLANG_CXX_LANGUAGE_STANDARD = "gnu++0x";
				CLANG_CXX_LIBRARY = "libc++";
				CLANG_ENABLE_MODULES = YES;
				CLANG_ENABLE_OBJC_ARC = YES;
				CLANG_WARN_BOOL_CONVERSION = YES;
				CLANG_WARN_CONSTANT_CONVERSION = YES;
				CLANG_WARN_DIRECT_OBJC_ISA_USAGE = YES_ERROR;
				CLANG_WARN_EMPTY_BODY = YES;
				CLANG_WARN_ENUM_CONVERSION = YES;
				CLANG_WARN_INT_CONVERSION = YES;
				CLANG_WARN_OBJC_ROOT_CLASS = YES_ERROR;
				CLANG_WARN_UNREACHABLE_CODE = YES;
				CLANG_WARN__DUPLICATE_METHOD_MATCH = YES;
				"CODE_SIGN_IDENTITY[sdk=iphoneos*]" = "iPhone Developer";
				COPY_PHASE_STRIP = NO;
				DEBUG_INFORMATION_FORMAT = dwarf;
				ENABLE_STRICT_OBJC_MSGSEND = YES;
				ENABLE_TESTABILITY = YES;
				GCC_C_LANGUAGE_STANDARD = gnu99;
				GCC_DYNAMIC_NO_PIC = NO;
				GCC_NO_COMMON_BLOCKS = YES;
				GCC_OPTIMIZATION_LEVEL = 0;
				GCC_PREPROCESSOR_DEFINITIONS = (
					"DEBUG=1",
					"$(inherited)",
				);
				GCC_WARN_64_TO_32_BIT_CONVERSION = YES;
				GCC_WARN_ABOUT_RETURN_TYPE = YES_ERROR;
				GCC_WARN_UNDECLARED_SELECTOR = YES;
				GCC_WARN_UNINITIALIZED_AUTOS = YES_AGGRESSIVE;
				GCC_WARN_UNUSED_FUNCTION = YES;
				GCC_WARN_UNUSED_VARIABLE = YES;
				IPHONEOS_DEPLOYMENT_TARGET = 9.3;
				MTL_ENABLE_DEBUG_INFO = YES;
				ONLY_ACTIVE_ARCH = YES;
				SDKROOT = iphoneos;
				SWIFT_OPTIMIZATION_LEVEL = "-Onone";
				TARGETED_DEVICE_FAMILY = "1,2";
			};
			name = Debug;
		};
		55F268431D8738FD0003DFA8 /* Release */ = {
			isa = XCBuildConfiguration;
			buildSettings = {
				ALWAYS_SEARCH_USER_PATHS = NO;
				CLANG_ANALYZER_NONNULL = YES;
				CLANG_CXX_LANGUAGE_STANDARD = "gnu++0x";
				CLANG_CXX_LIBRARY = "libc++";
				CLANG_ENABLE_MODULES = YES;
				CLANG_ENABLE_OBJC_ARC = YES;
				CLANG_WARN_BOOL_CONVERSION = YES;
				CLANG_WARN_CONSTANT_CONVERSION = YES;
				CLANG_WARN_DIRECT_OBJC_ISA_USAGE = YES_ERROR;
				CLANG_WARN_EMPTY_BODY = YES;
				CLANG_WARN_ENUM_CONVERSION = YES;
				CLANG_WARN_INT_CONVERSION = YES;
				CLANG_WARN_OBJC_ROOT_CLASS = YES_ERROR;
				CLANG_WARN_UNREACHABLE_CODE = YES;
				CLANG_WARN__DUPLICATE_METHOD_MATCH = YES;
				"CODE_SIGN_IDENTITY[sdk=iphoneos*]" = "iPhone Developer";
				COPY_PHASE_STRIP = NO;
				DEBUG_INFORMATION_FORMAT = "dwarf-with-dsym";
				ENABLE_NS_ASSERTIONS = NO;
				ENABLE_STRICT_OBJC_MSGSEND = YES;
				GCC_C_LANGUAGE_STANDARD = gnu99;
				GCC_NO_COMMON_BLOCKS = YES;
				GCC_WARN_64_TO_32_BIT_CONVERSION = YES;
				GCC_WARN_ABOUT_RETURN_TYPE = YES_ERROR;
				GCC_WARN_UNDECLARED_SELECTOR = YES;
				GCC_WARN_UNINITIALIZED_AUTOS = YES_AGGRESSIVE;
				GCC_WARN_UNUSED_FUNCTION = YES;
				GCC_WARN_UNUSED_VARIABLE = YES;
				IPHONEOS_DEPLOYMENT_TARGET = 9.3;
				MTL_ENABLE_DEBUG_INFO = NO;
				SDKROOT = iphoneos;
				TARGETED_DEVICE_FAMILY = "1,2";
				VALIDATE_PRODUCT = YES;
			};
			name = Release;
		};
		55F268451D8738FD0003DFA8 /* Debug */ = {
			isa = XCBuildConfiguration;
			buildSettings = {
				ASSETCATALOG_COMPILER_APPICON_NAME = AppIcon;
				INFOPLIST_FILE = MapKit_searchbar/Info.plist;
				LD_RUNPATH_SEARCH_PATHS = "$(inherited) @executable_path/Frameworks";
				PRODUCT_BUNDLE_IDENTIFIER = "com.safinalifa.MapKit-searchbar";
				PRODUCT_NAME = "$(TARGET_NAME)";
			};
			name = Debug;
		};
		55F268461D8738FD0003DFA8 /* Release */ = {
			isa = XCBuildConfiguration;
			buildSettings = {
				ASSETCATALOG_COMPILER_APPICON_NAME = AppIcon;
				INFOPLIST_FILE = MapKit_searchbar/Info.plist;
				LD_RUNPATH_SEARCH_PATHS = "$(inherited) @executable_path/Frameworks";
				PRODUCT_BUNDLE_IDENTIFIER = "com.safinalifa.MapKit-searchbar";
				PRODUCT_NAME = "$(TARGET_NAME)";
			};
			name = Release;
		};
/* End XCBuildConfiguration section */

/* Begin XCConfigurationList section */
		55F2682D1D8738FC0003DFA8 /* Build configuration list for PBXProject "MapKit_searchbar" */ = {
			isa = XCConfigurationList;
			buildConfigurations = (
				55F268421D8738FD0003DFA8 /* Debug */,
				55F268431D8738FD0003DFA8 /* Release */,
			);
			defaultConfigurationIsVisible = 0;
			defaultConfigurationName = Release;
		};
		55F268441D8738FD0003DFA8 /* Build configuration list for PBXNativeTarget "MapKit_searchbar" */ = {
			isa = XCConfigurationList;
			buildConfigurations = (
				55F268451D8738FD0003DFA8 /* Debug */,
				55F268461D8738FD0003DFA8 /* Release */,
			);
			defaultConfigurationIsVisible = 0;
		};
/* End XCConfigurationList section */
	};
	rootObject = 55F2682A1D8738FC0003DFA8 /* Project object */;
}
